{
  "nodes": {
    "genetic": {
      "inputs": {
        "nixpkgs": [
          "nixpkgs"
        ],
        "treefmt-nix": "treefmt-nix"
      },
      "locked": {
        "lastModified": 1784001416,
        "narHash": "sha256-4yf30BHicaUmPF7PoG/NSwhDVHXMMN3b6dWTJdF2OGU=",
        "path": "/home/jali-clarke/Repos/genetic",
        "type": "path"
      },
      "original": {
        "path": "/home/jali-clarke/Repos/genetic",
        "type": "path"
      }
    },
    "nixpkgs": {
      "locked": {
        "lastModified": 1782505786,
        "narHash": "sha256-YS2pH1le+4odb8/sNoPpGgXwVPkIuhpr5XFcaUpuIh0=",
        "owner": "NixOS",
        "repo": "nixpkgs",
        "rev": "a0c9df7118ca98a14ff0d88826a9dda7b810fb31",
        "type": "github"
      },
      "original": {
        "owner": "NixOS",
        "ref": "release-26.05",
        "repo": "nixpkgs",
        "type": "github"
      }
    },
    "root": {
      "inputs": {
        "genetic": "genetic",
        "nixpkgs": "nixpkgs",
        "treefmt-nix": "treefmt-nix_2"
      }
    },
    "treefmt-nix": {
      "inputs": {
        "nixpkgs": [
          "genetic",
          "nixpkgs"
        ]
      },
      "locked": {
        "lastModified": 1780220602,
        "narHash": "sha256-eynAfOmbmxJnkp7YewvCEbShNnnYJ9gLLqkzsYtBPeM=",
        "owner": "numtide",
        "repo": "treefmt-nix",
        "rev": "db947814a175b7ca6ded66e21383d938df01c227",
        "type": "github"
      },
      "original": {
        "owner": "numtide",
        "repo": "treefmt-nix",
        "type": "github"
      }
    },
    "treefmt-nix_2": {
      "inputs": {
        "nixpkgs": [
          "nixpkgs"
        ]
      },
      "locked": {
        "lastModified": 1780220602,
        "narHash": "sha256-eynAfOmbmxJnkp7YewvCEbShNnnYJ9gLLqkzsYtBPeM=",
        "owner": "numtide",
        "repo": "treefmt-nix",
        "rev": "db947814a175b7ca6ded66e21383d938df01c227",
        "type": "github"
      },
      "original": {
        "owner": "numtide",
        "repo": "treefmt-nix",
        "type": "github"
      }
    }
  },
  "root": "root",
  "version": 7
}
